
Microsoft Visual Studio Solution File, Format Version 12.00
# Visual Studio Version 16
VisualStudioVersion = 16.0.29519.87
MinimumVisualStudioVersion = 10.0.40219.1
Project("{FAE04EC0-301F-11D3-BF4B-00C04F79EFBC}") = "UsedCarsAPI", "UsedCarsAPI\UsedCarsAPI.csproj", "{21B0C3FB-229B-4287-9AD4-FAE5250DB25A}"
EndProject
Project("{FAE04EC0-301F-11D3-BF4B-00C04F79EFBC}") = "xUnitTest", "xUnitTest\xUnitTest.csproj", "{74567C1C-E5BB-4868-A963-C88F23EC90FD}"
EndProject
Project("{FAE04EC0-301F-11D3-BF4B-00C04F79EFBC}") = "UsedCarsUI", "UsedCarsUI\UsedCarsUI.csproj", "{9B9F6571-C120-4B68-87C7-C9BF754C6256}"
EndProject
Global
	GlobalSection(SolutionConfigurationPlatforms) = preSolution
		Debug|Any CPU = Debug|Any CPU
		Release|Any CPU = Release|Any CPU
	EndGlobalSection
	GlobalSection(ProjectConfigurationPlatforms) = postSolution
		{21B0C3FB-229B-4287-9AD4-FAE5250DB25A}.Debug|Any CPU.ActiveCfg = Debug|Any CPU
		{21B0C3FB-229B-4287-9AD4-FAE5250DB25A}.Debug|Any CPU.Build.0 = Debug|Any CPU
		{21B0C3FB-229B-4287-9AD4-FAE5250DB25A}.Release|Any CPU.ActiveCfg = Release|Any CPU
		{21B0C3FB-229B-4287-9AD4-FAE5250DB25A}.Release|Any CPU.Build.0 = Release|Any CPU
		{74567C1C-E5BB-4868-A963-C88F23EC90FD}.Debug|Any CPU.ActiveCfg = Debug|Any CPU
		{74567C1C-E5BB-4868-A963-C88F23EC90FD}.Debug|Any CPU.Build.0 = Debug|Any CPU
		{74567C1C-E5BB-4868-A963-C88F23EC90FD}.Release|Any CPU.ActiveCfg = Release|Any CPU
		{74567C1C-E5BB-4868-A963-C88F23EC90FD}.Release|Any CPU.Build.0 = Release|Any CPU
		{9B9F6571-C120-4B68-87C7-C9BF754C6256}.Debug|Any CPU.ActiveCfg = Debug|Any CPU
		{9B9F6571-C120-4B68-87C7-C9BF754C6256}.Debug|Any CPU.Build.0 = Debug|Any CPU
		{9B9F6571-C120-4B68-87C7-C9BF754C6256}.Release|Any CPU.ActiveCfg = Release|Any CPU
		{9B9F6571-C120-4B68-87C7-C9BF754C6256}.Release|Any CPU.Build.0 = Release|Any CPU
	EndGlobalSection
	GlobalSection(SolutionProperties) = preSolution
		HideSolutionNode = FALSE
	EndGlobalSection
	GlobalSection(ExtensibilityGlobals) = postSolution
		SolutionGuid = {056CAB06-75C1-4AE3-8794-EAF7A6BF4AEA}
	EndGlobalSection
EndGlobal
